
Microsoft Visual Studio Solution File, Format Version 12.00
# Visual Studio Version 16
VisualStudioVersion = 16.0.30204.135
MinimumVisualStudioVersion = 10.0.40219.1
Project("{9A19103F-16F7-4668-BE54-9A1E7A4F7556}") = "Soccer.Common", "Soccer.Common\Soccer.Common.csproj", "{42CB6390-EDDD-460C-8461-6188F5B73DAD}"
EndProject
Project("{9A19103F-16F7-4668-BE54-9A1E7A4F7556}") = "Soccer.Web", "Soccer.Web\Soccer.Web.csproj", "{D061613B-358D-4AAE-A79E-D982E566DD60}"
EndProject
Project("{9A19103F-16F7-4668-BE54-9A1E7A4F7556}") = "Soccer.Prism", "Soccer.Prism\Soccer.Prism\Soccer.Prism.csproj", "{2C760870-A772-497A-A538-70B8C79E5C3A}"
EndProject
Project("{FAE04EC0-301F-11D3-BF4B-00C04F79EFBC}") = "Soccer.Prism.Android", "Soccer.Prism\Soccer.Prism.Android\Soccer.Prism.Android.csproj", "{693D51FA-4608-4AD8-958B-83282EBDC605}"
EndProject
Project("{FAE04EC0-301F-11D3-BF4B-00C04F79EFBC}") = "Soccer.Prism.iOS", "Soccer.Prism\Soccer.Prism.iOS\Soccer.Prism.iOS.csproj", "{9DAAF83E-EE84-47A5-AEEE-EE950280A5CE}"
EndProject
Project("{FAE04EC0-301F-11D3-BF4B-00C04F79EFBC}") = "Soccer.Cross.Android", "Soccer.Cross.Android\Soccer.Cross.Android.csproj", "{A7A4C8F3-4AFE-4180-B3DC-7518C7EFE85E}"
EndProject
Project("{FAE04EC0-301F-11D3-BF4B-00C04F79EFBC}") = "Soccer.Cross.iOS", "Soccer.Cross.iOS\Soccer.Cross.iOS.csproj", "{C96BB89E-4743-4B24-8C0B-E3BA7D992000}"
EndProject
Global
	GlobalSection(SolutionConfigurationPlatforms) = preSolution
		Ad-Hoc|Any CPU = Ad-Hoc|Any CPU
		Ad-Hoc|iPhone = Ad-Hoc|iPhone
		Ad-Hoc|iPhoneSimulator = Ad-Hoc|iPhoneSimulator
		AppStore|Any CPU = AppStore|Any CPU
		AppStore|iPhone = AppStore|iPhone
		AppStore|iPhoneSimulator = AppStore|iPhoneSimulator
		Debug|Any CPU = Debug|Any CPU
		Debug|iPhone = Debug|iPhone
		Debug|iPhoneSimulator = Debug|iPhoneSimulator
		Release|Any CPU = Release|Any CPU
		Release|iPhone = Release|iPhone
		Release|iPhoneSimulator = Release|iPhoneSimulator
	EndGlobalSection
	GlobalSection(ProjectConfigurationPlatforms) = postSolution
		{42CB6390-EDDD-460C-8461-6188F5B73DAD}.Ad-Hoc|Any CPU.ActiveCfg = Release|Any CPU
		{42CB6390-EDDD-460C-8461-6188F5B73DAD}.Ad-Hoc|Any CPU.Build.0 = Release|Any CPU
		{42CB6390-EDDD-460C-8461-6188F5B73DAD}.Ad-Hoc|iPhone.ActiveCfg = Release|Any CPU
		{42CB6390-EDDD-460C-8461-6188F5B73DAD}.Ad-Hoc|iPhone.Build.0 = Release|Any CPU
		{42CB6390-EDDD-460C-8461-6188F5B73DAD}.Ad-Hoc|iPhoneSimulator.ActiveCfg = Release|Any CPU
		{42CB6390-EDDD-460C-8461-6188F5B73DAD}.Ad-Hoc|iPhoneSimulator.Build.0 = Release|Any CPU
		{42CB6390-EDDD-460C-8461-6188F5B73DAD}.AppStore|Any CPU.ActiveCfg = Release|Any CPU
		{42CB6390-EDDD-460C-8461-6188F5B73DAD}.AppStore|Any CPU.Build.0 = Release|Any CPU
		{42CB6390-EDDD-460C-8461-6188F5B73DAD}.AppStore|iPhone.ActiveCfg = Release|Any CPU
		{42CB6390-EDDD-460C-8461-6188F5B73DAD}.AppStore|iPhone.Build.0 = Release|Any CPU
		{42CB6390-EDDD-460C-8461-6188F5B73DAD}.AppStore|iPhoneSimulator.ActiveCfg = Release|Any CPU
		{42CB6390-EDDD-460C-8461-6188F5B73DAD}.AppStore|iPhoneSimulator.Build.0 = Release|Any CPU
		{42CB6390-EDDD-460C-8461-6188F5B73DAD}.Debug|Any CPU.ActiveCfg = Debug|Any CPU
		{42CB6390-EDDD-460C-8461-6188F5B73DAD}.Debug|Any CPU.Build.0 = Debug|Any CPU
		{42CB6390-EDDD-460C-8461-6188F5B73DAD}.Debug|iPhone.ActiveCfg = Debug|Any CPU
		{42CB6390-EDDD-460C-8461-6188F5B73DAD}.Debug|iPhone.Build.0 = Debug|Any CPU
		{42CB6390-EDDD-460C-8461-6188F5B73DAD}.Debug|iPhoneSimulator.ActiveCfg = Debug|Any CPU
		{42CB6390-EDDD-460C-8461-6188F5B73DAD}.Debug|iPhoneSimulator.Build.0 = Debug|Any CPU
		{42CB6390-EDDD-460C-8461-6188F5B73DAD}.Release|Any CPU.ActiveCfg = Release|Any CPU
		{42CB6390-EDDD-460C-8461-6188F5B73DAD}.Release|Any CPU.Build.0 = Release|Any CPU
		{42CB6390-EDDD-460C-8461-6188F5B73DAD}.Release|iPhone.ActiveCfg = Release|Any CPU
		{42CB6390-EDDD-460C-8461-6188F5B73DAD}.Release|iPhone.Build.0 = Release|Any CPU
		{42CB6390-EDDD-460C-8461-6188F5B73DAD}.Release|iPhoneSimulator.ActiveCfg = Release|Any CPU
		{42CB6390-EDDD-460C-8461-6188F5B73DAD}.Release|iPhoneSimulator.Build.0 = Release|Any CPU
		{D061613B-358D-4AAE-A79E-D982E566DD60}.Ad-Hoc|Any CPU.ActiveCfg = Release|Any CPU
		{D061613B-358D-4AAE-A79E-D982E566DD60}.Ad-Hoc|Any CPU.Build.0 = Release|Any CPU
		{D061613B-358D-4AAE-A79E-D982E566DD60}.Ad-Hoc|iPhone.ActiveCfg = Release|Any CPU
		{D061613B-358D-4AAE-A79E-D982E566DD60}.Ad-Hoc|iPhone.Build.0 = Release|Any CPU
		{D061613B-358D-4AAE-A79E-D982E566DD60}.Ad-Hoc|iPhoneSimulator.ActiveCfg = Release|Any CPU
		{D061613B-358D-4AAE-A79E-D982E566DD60}.Ad-Hoc|iPhoneSimulator.Build.0 = Release|Any CPU
		{D061613B-358D-4AAE-A79E-D982E566DD60}.AppStore|Any CPU.ActiveCfg = Release|Any CPU
		{D061613B-358D-4AAE-A79E-D982E566DD60}.AppStore|Any CPU.Build.0 = Release|Any CPU
		{D061613B-358D-4AAE-A79E-D982E566DD60}.AppStore|iPhone.ActiveCfg = Release|Any CPU
		{D061613B-358D-4AAE-A79E-D982E566DD60}.AppStore|iPhone.Build.0 = Release|Any CPU
		{D061613B-358D-4AAE-A79E-D982E566DD60}.AppStore|iPhoneSimulator.ActiveCfg = Release|Any CPU
		{D061613B-358D-4AAE-A79E-D982E566DD60}.AppStore|iPhoneSimulator.Build.0 = Release|Any CPU
		{D061613B-358D-4AAE-A79E-D982E566DD60}.Debug|Any CPU.ActiveCfg = Debug|Any CPU
		{D061613B-358D-4AAE-A79E-D982E566DD60}.Debug|Any CPU.Build.0 = Debug|Any CPU
		{D061613B-358D-4AAE-A79E-D982E566DD60}.Debug|iPhone.ActiveCfg = Debug|Any CPU
		{D061613B-358D-4AAE-A79E-D982E566DD60}.Debug|iPhone.Build.0 = Debug|Any CPU
		{D061613B-358D-4AAE-A79E-D982E566DD60}.Debug|iPhoneSimulator.ActiveCfg = Debug|Any CPU
		{D061613B-358D-4AAE-A79E-D982E566DD60}.Debug|iPhoneSimulator.Build.0 = Debug|Any CPU
		{D061613B-358D-4AAE-A79E-D982E566DD60}.Release|Any CPU.ActiveCfg = Release|Any CPU
		{D061613B-358D-4AAE-A79E-D982E566DD60}.Release|Any CPU.Build.0 = Release|Any CPU
		{D061613B-358D-4AAE-A79E-D982E566DD60}.Release|iPhone.ActiveCfg = Release|Any CPU
		{D061613B-358D-4AAE-A79E-D982E566DD60}.Release|iPhone.Build.0 = Release|Any CPU
		{D061613B-358D-4AAE-A79E-D982E566DD60}.Release|iPhoneSimulator.ActiveCfg = Release|Any CPU
		{D061613B-358D-4AAE-A79E-D982E566DD60}.Release|iPhoneSimulator.Build.0 = Release|Any CPU
		{2C760870-A772-497A-A538-70B8C79E5C3A}.Ad-Hoc|Any CPU.ActiveCfg = Debug|Any CPU
		{2C760870-A772-497A-A538-70B8C79E5C3A}.Ad-Hoc|Any CPU.Build.0 = Debug|Any CPU
		{2C760870-A772-497A-A538-70B8C79E5C3A}.Ad-Hoc|iPhone.ActiveCfg = Debug|Any CPU
		{2C760870-A772-497A-A538-70B8C79E5C3A}.Ad-Hoc|iPhone.Build.0 = Debug|Any CPU
		{2C760870-A772-497A-A538-70B8C79E5C3A}.Ad-Hoc|iPhoneSimulator.ActiveCfg = Debug|Any CPU
		{2C760870-A772-497A-A538-70B8C79E5C3A}.Ad-Hoc|iPhoneSimulator.Build.0 = Debug|Any CPU
		{2C760870-A772-497A-A538-70B8C79E5C3A}.AppStore|Any CPU.ActiveCfg = Debug|Any CPU
		{2C760870-A772-497A-A538-70B8C79E5C3A}.AppStore|Any CPU.Build.0 = Debug|Any CPU
		{2C760870-A772-497A-A538-70B8C79E5C3A}.AppStore|iPhone.ActiveCfg = Debug|Any CPU
		{2C760870-A772-497A-A538-70B8C79E5C3A}.AppStore|iPhone.Build.0 = Debug|Any CPU
		{2C760870-A772-497A-A538-70B8C79E5C3A}.AppStore|iPhoneSimulator.ActiveCfg = Debug|Any CPU
		{2C760870-A772-497A-A538-70B8C79E5C3A}.AppStore|iPhoneSimulator.Build.0 = Debug|Any CPU
		{2C760870-A772-497A-A538-70B8C79E5C3A}.Debug|Any CPU.ActiveCfg = Debug|Any CPU
		{2C760870-A772-497A-A538-70B8C79E5C3A}.Debug|Any CPU.Build.0 = Debug|Any CPU
		{2C760870-A772-497A-A538-70B8C79E5C3A}.Debug|iPhone.ActiveCfg = Debug|Any CPU
		{2C760870-A772-497A-A538-70B8C79E5C3A}.Debug|iPhone.Build.0 = Debug|Any CPU
		{2C760870-A772-497A-A538-70B8C79E5C3A}.Debug|iPhoneSimulator.ActiveCfg = Debug|Any CPU
		{2C760870-A772-497A-A538-70B8C79E5C3A}.Debug|iPhoneSimulator.Build.0 = Debug|Any CPU
		{2C760870-A772-497A-A538-70B8C79E5C3A}.Release|Any CPU.ActiveCfg = Release|Any CPU
		{2C760870-A772-497A-A538-70B8C79E5C3A}.Release|Any CPU.Build.0 = Release|Any CPU
		{2C760870-A772-497A-A538-70B8C79E5C3A}.Release|iPhone.ActiveCfg = Release|Any CPU
		{2C760870-A772-497A-A538-70B8C79E5C3A}.Release|iPhone.Build.0 = Release|Any CPU
		{2C760870-A772-497A-A538-70B8C79E5C3A}.Release|iPhoneSimulator.ActiveCfg = Release|Any CPU
		{2C760870-A772-497A-A538-70B8C79E5C3A}.Release|iPhoneSimulator.Build.0 = Release|Any CPU
		{693D51FA-4608-4AD8-958B-83282EBDC605}.Ad-Hoc|Any CPU.ActiveCfg = Release|Any CPU
		{693D51FA-4608-4AD8-958B-83282EBDC605}.Ad-Hoc|Any CPU.Build.0 = Release|Any CPU
		{693D51FA-4608-4AD8-958B-83282EBDC605}.Ad-Hoc|Any CPU.Deploy.0 = Release|Any CPU
		{693D51FA-4608-4AD8-958B-83282EBDC605}.Ad-Hoc|iPhone.ActiveCfg = Release|Any CPU
		{693D51FA-4608-4AD8-958B-83282EBDC605}.Ad-Hoc|iPhone.Build.0 = Release|Any CPU
		{693D51FA-4608-4AD8-958B-83282EBDC605}.Ad-Hoc|iPhone.Deploy.0 = Release|Any CPU
		{693D51FA-4608-4AD8-958B-83282EBDC605}.Ad-Hoc|iPhoneSimulator.ActiveCfg = Release|Any CPU
		{693D51FA-4608-4AD8-958B-83282EBDC605}.Ad-Hoc|iPhoneSimulator.Build.0 = Release|Any CPU
		{693D51FA-4608-4AD8-958B-83282EBDC605}.Ad-Hoc|iPhoneSimulator.Deploy.0 = Release|Any CPU
		{693D51FA-4608-4AD8-958B-83282EBDC605}.AppStore|Any CPU.ActiveCfg = Release|Any CPU
		{693D51FA-4608-4AD8-958B-83282EBDC605}.AppStore|Any CPU.Build.0 = Release|Any CPU
		{693D51FA-4608-4AD8-958B-83282EBDC605}.AppStore|Any CPU.Deploy.0 = Release|Any CPU
		{693D51FA-4608-4AD8-958B-83282EBDC605}.AppStore|iPhone.ActiveCfg = Release|Any CPU
		{693D51FA-4608-4AD8-958B-83282EBDC605}.AppStore|iPhone.Build.0 = Release|Any CPU
		{693D51FA-4608-4AD8-958B-83282EBDC605}.AppStore|iPhone.Deploy.0 = Release|Any CPU
		{693D51FA-4608-4AD8-958B-83282EBDC605}.AppStore|iPhoneSimulator.ActiveCfg = Release|Any CPU
		{693D51FA-4608-4AD8-958B-83282EBDC605}.AppStore|iPhoneSimulator.Build.0 = Release|Any CPU
		{693D51FA-4608-4AD8-958B-83282EBDC605}.AppStore|iPhoneSimulator.Deploy.0 = Release|Any CPU
		{693D51FA-4608-4AD8-958B-83282EBDC605}.Debug|Any CPU.ActiveCfg = Debug|Any CPU
		{693D51FA-4608-4AD8-958B-83282EBDC605}.Debug|Any CPU.Build.0 = Debug|Any CPU
		{693D51FA-4608-4AD8-958B-83282EBDC605}.Debug|Any CPU.Deploy.0 = Debug|Any CPU
		{693D51FA-4608-4AD8-958B-83282EBDC605}.Debug|iPhone.ActiveCfg = Debug|Any CPU
		{693D51FA-4608-4AD8-958B-83282EBDC605}.Debug|iPhone.Build.0 = Debug|Any CPU
		{693D51FA-4608-4AD8-958B-83282EBDC605}.Debug|iPhone.Deploy.0 = Debug|Any CPU
		{693D51FA-4608-4AD8-958B-83282EBDC605}.Debug|iPhoneSimulator.ActiveCfg = Debug|Any CPU
		{693D51FA-4608-4AD8-958B-83282EBDC605}.Debug|iPhoneSimulator.Build.0 = Debug|Any CPU
		{693D51FA-4608-4AD8-958B-83282EBDC605}.Debug|iPhoneSimulator.Deploy.0 = Debug|Any CPU
		{693D51FA-4608-4AD8-958B-83282EBDC605}.Release|Any CPU.ActiveCfg = Release|Any CPU
		{693D51FA-4608-4AD8-958B-83282EBDC605}.Release|Any CPU.Build.0 = Release|Any CPU
		{693D51FA-4608-4AD8-958B-83282EBDC605}.Release|Any CPU.Deploy.0 = Release|Any CPU
		{693D51FA-4608-4AD8-958B-83282EBDC605}.Release|iPhone.ActiveCfg = Release|Any CPU
		{693D51FA-4608-4AD8-958B-83282EBDC605}.Release|iPhone.Build.0 = Release|Any CPU
		{693D51FA-4608-4AD8-958B-83282EBDC605}.Release|iPhone.Deploy.0 = Release|Any CPU
		{693D51FA-4608-4AD8-958B-83282EBDC605}.Release|iPhoneSimulator.ActiveCfg = Release|Any CPU
		{693D51FA-4608-4AD8-958B-83282EBDC605}.Release|iPhoneSimulator.Build.0 = Release|Any CPU
		{693D51FA-4608-4AD8-958B-83282EBDC605}.Release|iPhoneSimulator.Deploy.0 = Release|Any CPU
		{9DAAF83E-EE84-47A5-AEEE-EE950280A5CE}.Ad-Hoc|Any CPU.ActiveCfg = Ad-Hoc|iPhone
		{9DAAF83E-EE84-47A5-AEEE-EE950280A5CE}.Ad-Hoc|iPhone.ActiveCfg = Ad-Hoc|iPhone
		{9DAAF83E-EE84-47A5-AEEE-EE950280A5CE}.Ad-Hoc|iPhone.Build.0 = Ad-Hoc|iPhone
		{9DAAF83E-EE84-47A5-AEEE-EE950280A5CE}.Ad-Hoc|iPhoneSimulator.ActiveCfg = Ad-Hoc|iPhoneSimulator
		{9DAAF83E-EE84-47A5-AEEE-EE950280A5CE}.Ad-Hoc|iPhoneSimulator.Build.0 = Ad-Hoc|iPhoneSimulator
		{9DAAF83E-EE84-47A5-AEEE-EE950280A5CE}.AppStore|Any CPU.ActiveCfg = AppStore|iPhone
		{9DAAF83E-EE84-47A5-AEEE-EE950280A5CE}.AppStore|iPhone.ActiveCfg = AppStore|iPhone
		{9DAAF83E-EE84-47A5-AEEE-EE950280A5CE}.AppStore|iPhone.Build.0 = AppStore|iPhone
		{9DAAF83E-EE84-47A5-AEEE-EE950280A5CE}.AppStore|iPhoneSimulator.ActiveCfg = AppStore|iPhoneSimulator
		{9DAAF83E-EE84-47A5-AEEE-EE950280A5CE}.AppStore|iPhoneSimulator.Build.0 = AppStore|iPhoneSimulator
		{9DAAF83E-EE84-47A5-AEEE-EE950280A5CE}.Debug|Any CPU.ActiveCfg = Debug|iPhone
		{9DAAF83E-EE84-47A5-AEEE-EE950280A5CE}.Debug|iPhone.ActiveCfg = Debug|iPhone
		{9DAAF83E-EE84-47A5-AEEE-EE950280A5CE}.Debug|iPhone.Build.0 = Debug|iPhone
		{9DAAF83E-EE84-47A5-AEEE-EE950280A5CE}.Debug|iPhoneSimulator.ActiveCfg = Debug|iPhoneSimulator
		{9DAAF83E-EE84-47A5-AEEE-EE950280A5CE}.Debug|iPhoneSimulator.Build.0 = Debug|iPhoneSimulator
		{9DAAF83E-EE84-47A5-AEEE-EE950280A5CE}.Release|Any CPU.ActiveCfg = Release|iPhone
		{9DAAF83E-EE84-47A5-AEEE-EE950280A5CE}.Release|iPhone.ActiveCfg = Release|iPhone
		{9DAAF83E-EE84-47A5-AEEE-EE950280A5CE}.Release|iPhone.Build.0 = Release|iPhone
		{9DAAF83E-EE84-47A5-AEEE-EE950280A5CE}.Release|iPhoneSimulator.ActiveCfg = Release|iPhoneSimulator
		{9DAAF83E-EE84-47A5-AEEE-EE950280A5CE}.Release|iPhoneSimulator.Build.0 = Release|iPhoneSimulator
		{A7A4C8F3-4AFE-4180-B3DC-7518C7EFE85E}.Ad-Hoc|Any CPU.ActiveCfg = Release|Any CPU
		{A7A4C8F3-4AFE-4180-B3DC-7518C7EFE85E}.Ad-Hoc|Any CPU.Build.0 = Release|Any CPU
		{A7A4C8F3-4AFE-4180-B3DC-7518C7EFE85E}.Ad-Hoc|Any CPU.Deploy.0 = Release|Any CPU
		{A7A4C8F3-4AFE-4180-B3DC-7518C7EFE85E}.Ad-Hoc|iPhone.ActiveCfg = Release|Any CPU
		{A7A4C8F3-4AFE-4180-B3DC-7518C7EFE85E}.Ad-Hoc|iPhone.Build.0 = Release|Any CPU
		{A7A4C8F3-4AFE-4180-B3DC-7518C7EFE85E}.Ad-Hoc|iPhone.Deploy.0 = Release|Any CPU
		{A7A4C8F3-4AFE-4180-B3DC-7518C7EFE85E}.Ad-Hoc|iPhoneSimulator.ActiveCfg = Release|Any CPU
		{A7A4C8F3-4AFE-4180-B3DC-7518C7EFE85E}.Ad-Hoc|iPhoneSimulator.Build.0 = Release|Any CPU
		{A7A4C8F3-4AFE-4180-B3DC-7518C7EFE85E}.Ad-Hoc|iPhoneSimulator.Deploy.0 = Release|Any CPU
		{A7A4C8F3-4AFE-4180-B3DC-7518C7EFE85E}.AppStore|Any CPU.ActiveCfg = Release|Any CPU
		{A7A4C8F3-4AFE-4180-B3DC-7518C7EFE85E}.AppStore|Any CPU.Build.0 = Release|Any CPU
		{A7A4C8F3-4AFE-4180-B3DC-7518C7EFE85E}.AppStore|Any CPU.Deploy.0 = Release|Any CPU
		{A7A4C8F3-4AFE-4180-B3DC-7518C7EFE85E}.AppStore|iPhone.ActiveCfg = Release|Any CPU
		{A7A4C8F3-4AFE-4180-B3DC-7518C7EFE85E}.AppStore|iPhone.Build.0 = Release|Any CPU
		{A7A4C8F3-4AFE-4180-B3DC-7518C7EFE85E}.AppStore|iPhone.Deploy.0 = Release|Any CPU
		{A7A4C8F3-4AFE-4180-B3DC-7518C7EFE85E}.AppStore|iPhoneSimulator.ActiveCfg = Release|Any CPU
		{A7A4C8F3-4AFE-4180-B3DC-7518C7EFE85E}.AppStore|iPhoneSimulator.Build.0 = Release|Any CPU
		{A7A4C8F3-4AFE-4180-B3DC-7518C7EFE85E}.AppStore|iPhoneSimulator.Deploy.0 = Release|Any CPU
		{A7A4C8F3-4AFE-4180-B3DC-7518C7EFE85E}.Debug|Any CPU.ActiveCfg = Debug|Any CPU
		{A7A4C8F3-4AFE-4180-B3DC-7518C7EFE85E}.Debug|Any CPU.Build.0 = Debug|Any CPU
		{A7A4C8F3-4AFE-4180-B3DC-7518C7EFE85E}.Debug|Any CPU.Deploy.0 = Debug|Any CPU
		{A7A4C8F3-4AFE-4180-B3DC-7518C7EFE85E}.Debug|iPhone.ActiveCfg = Debug|Any CPU
		{A7A4C8F3-4AFE-4180-B3DC-7518C7EFE85E}.Debug|iPhone.Build.0 = Debug|Any CPU
		{A7A4C8F3-4AFE-4180-B3DC-7518C7EFE85E}.Debug|iPhone.Deploy.0 = Debug|Any CPU
		{A7A4C8F3-4AFE-4180-B3DC-7518C7EFE85E}.Debug|iPhoneSimulator.ActiveCfg = Debug|Any CPU
		{A7A4C8F3-4AFE-4180-B3DC-7518C7EFE85E}.Debug|iPhoneSimulator.Build.0 = Debug|Any CPU
		{A7A4C8F3-4AFE-4180-B3DC-7518C7EFE85E}.Debug|iPhoneSimulator.Deploy.0 = Debug|Any CPU
		{A7A4C8F3-4AFE-4180-B3DC-7518C7EFE85E}.Release|Any CPU.ActiveCfg = Release|Any CPU
		{A7A4C8F3-4AFE-4180-B3DC-7518C7EFE85E}.Release|Any CPU.Build.0 = Release|Any CPU
		{A7A4C8F3-4AFE-4180-B3DC-7518C7EFE85E}.Release|Any CPU.Deploy.0 = Release|Any CPU
		{A7A4C8F3-4AFE-4180-B3DC-7518C7EFE85E}.Release|iPhone.ActiveCfg = Release|Any CPU
		{A7A4C8F3-4AFE-4180-B3DC-7518C7EFE85E}.Release|iPhone.Build.0 = Release|Any CPU
		{A7A4C8F3-4AFE-4180-B3DC-7518C7EFE85E}.Release|iPhone.Deploy.0 = Release|Any CPU
		{A7A4C8F3-4AFE-4180-B3DC-7518C7EFE85E}.Release|iPhoneSimulator.ActiveCfg = Release|Any CPU
		{A7A4C8F3-4AFE-4180-B3DC-7518C7EFE85E}.Release|iPhoneSimulator.Build.0 = Release|Any CPU
		{A7A4C8F3-4AFE-4180-B3DC-7518C7EFE85E}.Release|iPhoneSimulator.Deploy.0 = Release|Any CPU
		{C96BB89E-4743-4B24-8C0B-E3BA7D992000}.Ad-Hoc|Any CPU.ActiveCfg = Release|iPhone
		{C96BB89E-4743-4B24-8C0B-E3BA7D992000}.Ad-Hoc|Any CPU.Build.0 = Release|iPhone
		{C96BB89E-4743-4B24-8C0B-E3BA7D992000}.Ad-Hoc|iPhone.ActiveCfg = Release|iPhone
		{C96BB89E-4743-4B24-8C0B-E3BA7D992000}.Ad-Hoc|iPhone.Build.0 = Release|iPhone
		{C96BB89E-4743-4B24-8C0B-E3BA7D992000}.Ad-Hoc|iPhoneSimulator.ActiveCfg = Release|iPhoneSimulator
		{C96BB89E-4743-4B24-8C0B-E3BA7D992000}.Ad-Hoc|iPhoneSimulator.Build.0 = Release|iPhoneSimulator
		{C96BB89E-4743-4B24-8C0B-E3BA7D992000}.AppStore|Any CPU.ActiveCfg = Release|iPhone
		{C96BB89E-4743-4B24-8C0B-E3BA7D992000}.AppStore|Any CPU.Build.0 = Release|iPhone
		{C96BB89E-4743-4B24-8C0B-E3BA7D992000}.AppStore|iPhone.ActiveCfg = Release|iPhone
		{C96BB89E-4743-4B24-8C0B-E3BA7D992000}.AppStore|iPhone.Build.0 = Release|iPhone
		{C96BB89E-4743-4B24-8C0B-E3BA7D992000}.AppStore|iPhoneSimulator.ActiveCfg = Release|iPhoneSimulator
		{C96BB89E-4743-4B24-8C0B-E3BA7D992000}.AppStore|iPhoneSimulator.Build.0 = Release|iPhoneSimulator
		{C96BB89E-4743-4B24-8C0B-E3BA7D992000}.Debug|Any CPU.ActiveCfg = Debug|iPhone
		{C96BB89E-4743-4B24-8C0B-E3BA7D992000}.Debug|iPhone.ActiveCfg = Debug|iPhone
		{C96BB89E-4743-4B24-8C0B-E3BA7D992000}.Debug|iPhone.Build.0 = Debug|iPhone
		{C96BB89E-4743-4B24-8C0B-E3BA7D992000}.Debug|iPhoneSimulator.ActiveCfg = Debug|iPhoneSimulator
		{C96BB89E-4743-4B24-8C0B-E3BA7D992000}.Debug|iPhoneSimulator.Build.0 = Debug|iPhoneSimulator
		{C96BB89E-4743-4B24-8C0B-E3BA7D992000}.Release|Any CPU.ActiveCfg = Release|iPhone
		{C96BB89E-4743-4B24-8C0B-E3BA7D992000}.Release|iPhone.ActiveCfg = Release|iPhone
		{C96BB89E-4743-4B24-8C0B-E3BA7D992000}.Release|iPhone.Build.0 = Release|iPhone
		{C96BB89E-4743-4B24-8C0B-E3BA7D992000}.Release|iPhoneSimulator.ActiveCfg = Release|iPhoneSimulator
		{C96BB89E-4743-4B24-8C0B-E3BA7D992000}.Release|iPhoneSimulator.Build.0 = Release|iPhoneSimulator
	EndGlobalSection
	GlobalSection(SolutionProperties) = preSolution
		HideSolutionNode = FALSE
	EndGlobalSection
	GlobalSection(ExtensibilityGlobals) = postSolution
		SolutionGuid = {99398223-22AF-474E-8E0E-80F4E3863F4D}
	EndGlobalSection
EndGlobal
